
Microsoft Visual Studio Solution File, Format Version 12.00
# Visual Studio Version 17
VisualStudioVersion = 17.8.34408.163
MinimumVisualStudioVersion = 10.0.40219.1
Project("{FAE04EC0-301F-11D3-BF4B-00C04F79EFBC}") = "Doc_Tracking_vl", "Doc_Tracking_vl\Doc_Tracking_vl.csproj", "{3B9C709B-612F-46E1-89A2-4FAA52059C1D}"
EndProject
Global
	GlobalSection(SolutionConfigurationPlatforms) = preSolution
		Debug|Any CPU = Debug|Any CPU
		Release|Any CPU = Release|Any CPU
	EndGlobalSection
	GlobalSection(ProjectConfigurationPlatforms) = postSolution
		{3B9C709B-612F-46E1-89A2-4FAA52059C1D}.Debug|Any CPU.ActiveCfg = Debug|Any CPU
		{3B9C709B-612F-46E1-89A2-4FAA52059C1D}.Debug|Any CPU.Build.0 = Debug|Any CPU
		{3B9C709B-612F-46E1-89A2-4FAA52059C1D}.Release|Any CPU.ActiveCfg = Release|Any CPU
		{3B9C709B-612F-46E1-89A2-4FAA52059C1D}.Release|Any CPU.Build.0 = Release|Any CPU
	EndGlobalSection
	GlobalSection(SolutionProperties) = preSolution
		HideSolutionNode = FALSE
	EndGlobalSection
	GlobalSection(ExtensibilityGlobals) = postSolution
		SolutionGuid = {EA51C52A-4032-42C3-AFD6-832AA2B487DB}
	EndGlobalSection
EndGlobal
